// !$*UTF8*$!
{
	archiveVersion = 1;
	classes = {
	};
	objectVersion = 56;
	objects = {

/* Begin PBXBuildFile section */
		2CBBBA0A2964411300E93B8B /* StoreKitConfigDemoApp.swift in Sources */ = {isa = PBXBuildFile; fileRef = 2CBBBA092964411300E93B8B /* StoreKitConfigDemoApp.swift */; };
		2CBBBA0C2964411300E93B8B /* ContentView.swift in Sources */ = {isa = PBXBuildFile; fileRef = 2CBBBA0B2964411300E93B8B /* ContentView.swift */; };
		2CBBBA0E2964411300E93B8B /* Assets.xcassets in Resources */ = {isa = PBXBuildFile; fileRef = 2CBBBA0D2964411300E93B8B /* Assets.xcassets */; };
		2CBBBA122964411300E93B8B /* Preview Assets.xcassets in Resources */ = {isa = PBXBuildFile; fileRef = 2CBBBA112964411300E93B8B /* Preview Assets.xcassets */; };
		2CBBBA1A2964444900E93B8B /* StoreKitView.swift in Sources */ = {isa = PBXBuildFile; fileRef = 2CBBBA192964444900E93B8B /* StoreKitView.swift */; };
		2CBBBA1D2964447200E93B8B /* RevenueCatView.swift in Sources */ = {isa = PBXBuildFile; fileRef = 2CBBBA1C2964447200E93B8B /* RevenueCatView.swift */; };
		2CBBBA20296445CB00E93B8B /* RevenueCat in Frameworks */ = {isa = PBXBuildFile; productRef = 2CBBBA1F296445CB00E93B8B /* RevenueCat */; };
/* End PBXBuildFile section */

/* Begin PBXFileReference section */
		2CBBBA062964411300E93B8B /* StoreKitConfigDemo.app */ = {isa = PBXFileReference; explicitFileType = wrapper.application; includeInIndex = 0; path = StoreKitConfigDemo.app; sourceTree = BUILT_PRODUCTS_DIR; };
		2CBBBA092964411300E93B8B /* StoreKitConfigDemoApp.swift */ = {isa = PBXFileReference; lastKnownFileType = sourcecode.swift; path = StoreKitConfigDemoApp.swift; sourceTree = "<group>"; };
		2CBBBA0B2964411300E93B8B /* ContentView.swift */ = {isa = PBXFileReference; lastKnownFileType = sourcecode.swift; path = ContentView.swift; sourceTree = "<group>"; };
		2CBBBA0D2964411300E93B8B /* Assets.xcassets */ = {isa = PBXFileReference; lastKnownFileType = folder.assetcatalog; path = Assets.xcassets; sourceTree = "<group>"; };
		2CBBBA0F2964411300E93B8B /* StoreKitConfigDemo.entitlements */ = {isa = PBXFileReference; lastKnownFileType = text.plist.entitlements; path = StoreKitConfigDemo.entitlements; sourceTree = "<group>"; };
		2CBBBA112964411300E93B8B /* Preview Assets.xcassets */ = {isa = PBXFileReference; lastKnownFileType = folder.assetcatalog; path = "Preview Assets.xcassets"; sourceTree = "<group>"; };
		2CBBBA182964418700E93B8B /* AppStoreKitConfigFile.storekit */ = {isa = PBXFileReference; lastKnownFileType = text; path = AppStoreKitConfigFile.storekit; sourceTree = "<group>"; };
		2CBBBA192964444900E93B8B /* StoreKitView.swift */ = {isa = PBXFileReference; lastKnownFileType = sourcecode.swift; path = StoreKitView.swift; sourceTree = "<group>"; };
		2CBBBA1C2964447200E93B8B /* RevenueCatView.swift */ = {isa = PBXFileReference; lastKnownFileType = sourcecode.swift; path = RevenueCatView.swift; sourceTree = "<group>"; };
/* End PBXFileReference section */

/* Begin PBXFrameworksBuildPhase section */
		2CBBBA032964411300E93B8B /* Frameworks */ = {
			isa = PBXFrameworksBuildPhase;
			buildActionMask = 2147483647;
			files = (
				2CBBBA20296445CB00E93B8B /* RevenueCat in Frameworks */,
			);
			runOnlyForDeploymentPostprocessing = 0;
		};
/* End PBXFrameworksBuildPhase section */

/* Begin PBXGroup section */
		2CBBB9FD2964411300E93B8B = {
			isa = PBXGroup;
			children = (
				2CBBBA182964418700E93B8B /* AppStoreKitConfigFile.storekit */,
				2CBBBA082964411300E93B8B /* StoreKitConfigDemo */,
				2CBBBA072964411300E93B8B /* Products */,
			);
			sourceTree = "<group>";
		};
		2CBBBA072964411300E93B8B /* Products */ = {
			isa = PBXGroup;
			children = (
				2CBBBA062964411300E93B8B /* StoreKitConfigDemo.app */,
			);
			name = Products;
			sourceTree = "<group>";
		};
		2CBBBA082964411300E93B8B /* StoreKitConfigDemo */ = {
			isa = PBXGroup;
			children = (
				2CBBBA092964411300E93B8B /* StoreKitConfigDemoApp.swift */,
				2CBBBA0B2964411300E93B8B /* ContentView.swift */,
				2CBBBA1B2964446200E93B8B /* Views */,
				2CBBBA0D2964411300E93B8B /* Assets.xcassets */,
				2CBBBA0F2964411300E93B8B /* StoreKitConfigDemo.entitlements */,
				2CBBBA102964411300E93B8B /* Preview Content */,
			);
			path = StoreKitConfigDemo;
			sourceTree = "<group>";
		};
		2CBBBA102964411300E93B8B /* Preview Content */ = {
			isa = PBXGroup;
			children = (
				2CBBBA112964411300E93B8B /* Preview Assets.xcassets */,
			);
			path = "Preview Content";
			sourceTree = "<group>";
		};
		2CBBBA1B2964446200E93B8B /* Views */ = {
			isa = PBXGroup;
			children = (
				2CBBBA192964444900E93B8B /* StoreKitView.swift */,
				2CBBBA1C2964447200E93B8B /* RevenueCatView.swift */,
			);
			path = Views;
			sourceTree = "<group>";
		};
/* End PBXGroup section */

/* Begin PBXNativeTarget section */
		2CBBBA052964411300E93B8B /* StoreKitConfigDemo */ = {
			isa = PBXNativeTarget;
			buildConfigurationList = 2CBBBA152964411300E93B8B /* Build configuration list for PBXNativeTarget "StoreKitConfigDemo" */;
			buildPhases = (
				2CBBBA022964411300E93B8B /* Sources */,
				2CBBBA032964411300E93B8B /* Frameworks */,
				2CBBBA042964411300E93B8B /* Resources */,
			);
			buildRules = (
			);
			dependencies = (
			);
			name = StoreKitConfigDemo;
			packageProductDependencies = (
				2CBBBA1F296445CB00E93B8B /* RevenueCat */,
			);
			productName = StoreKitConfigDemo;
			productReference = 2CBBBA062964411300E93B8B /* StoreKitConfigDemo.app */;
			productType = "com.apple.product-type.application";
		};
/* End PBXNativeTarget section */

/* Begin PBXProject section */
		2CBBB9FE2964411300E93B8B /* Project object */ = {
			isa = PBXProject;
			attributes = {
				BuildIndependentTargetsInParallel = 1;
				LastSwiftUpdateCheck = 1410;
				LastUpgradeCheck = 1410;
				TargetAttributes = {
					2CBBBA052964411300E93B8B = {
						CreatedOnToolsVersion = 14.1;
					};
				};
			};
			buildConfigurationList = 2CBBBA012964411300E93B8B /* Build configuration list for PBXProject "StoreKitConfigDemo" */;
			compatibilityVersion = "Xcode 14.0";
			developmentRegion = en;
			hasScannedForEncodings = 0;
			knownRegions = (
				en,
				Base,
			);
			mainGroup = 2CBBB9FD2964411300E93B8B;
			packageReferences = (
				2CBBBA1E296445CB00E93B8B /* XCRemoteSwiftPackageReference "purchases-ios" */,
			);
			productRefGroup = 2CBBBA072964411300E93B8B /* Products */;
			projectDirPath = "";
			projectRoot = "";
			targets = (
				2CBBBA052964411300E93B8B /* StoreKitConfigDemo */,
			);
		};
/* End PBXProject section */

/* Begin PBXResourcesBuildPhase section */
		2CBBBA042964411300E93B8B /* Resources */ = {
			isa = PBXResourcesBuildPhase;
			buildActionMask = 2147483647;
			files = (
				2CBBBA122964411300E93B8B /* Preview Assets.xcassets in Resources */,
				2CBBBA0E2964411300E93B8B /* Assets.xcassets in Resources */,
			);
			runOnlyForDeploymentPostprocessing = 0;
		};
/* End PBXResourcesBuildPhase section */

/* Begin PBXSourcesBuildPhase section */
		2CBBBA022964411300E93B8B /* Sources */ = {
			isa = PBXSourcesBuildPhase;
			buildActionMask = 2147483647;
			files = (
				2CBBBA1D2964447200E93B8B /* RevenueCatView.swift in Sources */,
				2CBBBA0C2964411300E93B8B /* ContentView.swift in Sources */,
				2CBBBA1A2964444900E93B8B /* StoreKitView.swift in Sources */,
				2CBBBA0A2964411300E93B8B /* StoreKitConfigDemoApp.swift in Sources */,
			);
			runOnlyForDeploymentPostprocessing = 0;
		};
/* End PBXSourcesBuildPhase section */

/* Begin XCBuildConfiguration section */
		2CBBBA132964411300E93B8B /* Debug */ = {
			isa = XCBuildConfiguration;
			buildSettings = {
				ALWAYS_SEARCH_USER_PATHS = NO;
				CLANG_ANALYZER_NONNULL = YES;
				CLANG_ANALYZER_NUMBER_OBJECT_CONVERSION = YES_AGGRESSIVE;
				CLANG_CXX_LANGUAGE_STANDARD = "gnu++20";
				CLANG_ENABLE_MODULES = YES;
				CLANG_ENABLE_OBJC_ARC = YES;
				CLANG_ENABLE_OBJC_WEAK = YES;
				CLANG_WARN_BLOCK_CAPTURE_AUTORELEASING = YES;
				CLANG_WARN_BOOL_CONVERSION = YES;
				CLANG_WARN_COMMA = YES;
				CLANG_WARN_CONSTANT_CONVERSION = YES;
				CLANG_WARN_DEPRECATED_OBJC_IMPLEMENTATIONS = YES;
				CLANG_WARN_DIRECT_OBJC_ISA_USAGE = YES_ERROR;
				CLANG_WARN_DOCUMENTATION_COMMENTS = YES;
				CLANG_WARN_EMPTY_BODY = YES;
				CLANG_WARN_ENUM_CONVERSION = YES;
				CLANG_WARN_INFINITE_RECURSION = YES;
				CLANG_WARN_INT_CONVERSION = YES;
				CLANG_WARN_NON_LITERAL_NULL_CONVERSION = YES;
				CLANG_WARN_OBJC_IMPLICIT_RETAIN_SELF = YES;
				CLANG_WARN_OBJC_LITERAL_CONVERSION = YES;
				CLANG_WARN_OBJC_ROOT_CLASS = YES_ERROR;
				CLANG_WARN_QUOTED_INCLUDE_IN_FRAMEWORK_HEADER = YES;
				CLANG_WARN_RANGE_LOOP_ANALYSIS = YES;
				CLANG_WARN_STRICT_PROTOTYPES = YES;
				CLANG_WARN_SUSPICIOUS_MOVE = YES;
				CLANG_WARN_UNGUARDED_AVAILABILITY = YES_AGGRESSIVE;
				CLANG_WARN_UNREACHABLE_CODE = YES;
				CLANG_WARN__DUPLICATE_METHOD_MATCH = YES;
				COPY_PHASE_STRIP = NO;
				DEBUG_INFORMATION_FORMAT = dwarf;
				ENABLE_STRICT_OBJC_MSGSEND = YES;
				ENABLE_TESTABILITY = YES;
				GCC_C_LANGUAGE_STANDARD = gnu11;
				GCC_DYNAMIC_NO_PIC = NO;
				GCC_NO_COMMON_BLOCKS = YES;
				GCC_OPTIMIZATION_LEVEL = 0;
				GCC_PREPROCESSOR_DEFINITIONS = (
					"DEBUG=1",
					"$(inherited)",
				);
				GCC_WARN_64_TO_32_BIT_CONVERSION = YES;
				GCC_WARN_ABOUT_RETURN_TYPE = YES_ERROR;
				GCC_WARN_UNDECLARED_SELECTOR = YES;
				GCC_WARN_UNINITIALIZED_AUTOS = YES_AGGRESSIVE;
				GCC_WARN_UNUSED_FUNCTION = YES;
				GCC_WARN_UNUSED_VARIABLE = YES;
				MTL_ENABLE_DEBUG_INFO = INCLUDE_SOURCE;
				MTL_FAST_MATH = YES;
				ONLY_ACTIVE_ARCH = YES;
				SWIFT_ACTIVE_COMPILATION_CONDITIONS = DEBUG;
				SWIFT_OPTIMIZATION_LEVEL = "-Onone";
			};
			name = Debug;
		};
		2CBBBA142964411300E93B8B /* Release */ = {
			isa = XCBuildConfiguration;
			buildSettings = {
				ALWAYS_SEARCH_USER_PATHS = NO;
				CLANG_ANALYZER_NONNULL = YES;
				CLANG_ANALYZER_NUMBER_OBJECT_CONVERSION = YES_AGGRESSIVE;
				CLANG_CXX_LANGUAGE_STANDARD = "gnu++20";
				CLANG_ENABLE_MODULES = YES;
				CLANG_ENABLE_OBJC_ARC = YES;
				CLANG_ENABLE_OBJC_WEAK = YES;
				CLANG_WARN_BLOCK_CAPTURE_AUTORELEASING = YES;
				CLANG_WARN_BOOL_CONVERSION = YES;
				CLANG_WARN_COMMA = YES;
				CLANG_WARN_CONSTANT_CONVERSION = YES;
				CLANG_WARN_DEPRECATED_OBJC_IMPLEMENTATIONS = YES;
				CLANG_WARN_DIRECT_OBJC_ISA_USAGE = YES_ERROR;
				CLANG_WARN_DOCUMENTATION_COMMENTS = YES;
				CLANG_WARN_EMPTY_BODY = YES;
				CLANG_WARN_ENUM_CONVERSION = YES;
				CLANG_WARN_INFINITE_RECURSION = YES;
				CLANG_WARN_INT_CONVERSION = YES;
				CLANG_WARN_NON_LITERAL_NULL_CONVERSION = YES;
				CLANG_WARN_OBJC_IMPLICIT_RETAIN_SELF = YES;
				CLANG_WARN_OBJC_LITERAL_CONVERSION = YES;
				CLANG_WARN_OBJC_ROOT_CLASS = YES_ERROR;
				CLANG_WARN_QUOTED_INCLUDE_IN_FRAMEWORK_HEADER = YES;
				CLANG_WARN_RANGE_LOOP_ANALYSIS = YES;
				CLANG_WARN_STRICT_PROTOTYPES = YES;
				CLANG_WARN_SUSPICIOUS_MOVE = YES;
				CLANG_WARN_UNGUARDED_AVAILABILITY = YES_AGGRESSIVE;
				CLANG_WARN_UNREACHABLE_CODE = YES;
				CLANG_WARN__DUPLICATE_METHOD_MATCH = YES;
				COPY_PHASE_STRIP = NO;
				DEBUG_INFORMATION_FORMAT = "dwarf-with-dsym";
				ENABLE_NS_ASSERTIONS = NO;
				ENABLE_STRICT_OBJC_MSGSEND = YES;
				GCC_C_LANGUAGE_STANDARD = gnu11;
				GCC_NO_COMMON_BLOCKS = YES;
				GCC_WARN_64_TO_32_BIT_CONVERSION = YES;
				GCC_WARN_ABOUT_RETURN_TYPE = YES_ERROR;
				GCC_WARN_UNDECLARED_SELECTOR = YES;
				GCC_WARN_UNINITIALIZED_AUTOS = YES_AGGRESSIVE;
				GCC_WARN_UNUSED_FUNCTION = YES;
				GCC_WARN_UNUSED_VARIABLE = YES;
				MTL_ENABLE_DEBUG_INFO = NO;
				MTL_FAST_MATH = YES;
				SWIFT_COMPILATION_MODE = wholemodule;
				SWIFT_OPTIMIZATION_LEVEL = "-O";
			};
			name = Release;
		};
		2CBBBA162964411300E93B8B /* Debug */ = {
			isa = XCBuildConfiguration;
			buildSettings = {
				ASSETCATALOG_COMPILER_APPICON_NAME = AppIcon;
				ASSETCATALOG_COMPILER_GLOBAL_ACCENT_COLOR_NAME = AccentColor;
				CODE_SIGN_ENTITLEMENTS = StoreKitConfigDemo/StoreKitConfigDemo.entitlements;
				CODE_SIGN_STYLE = Automatic;
				CURRENT_PROJECT_VERSION = 1;
				DEVELOPMENT_ASSET_PATHS = "\"StoreKitConfigDemo/Preview Content\"";
				DEVELOPMENT_TEAM = 8SXR2327BM;
				ENABLE_HARDENED_RUNTIME = YES;
				ENABLE_PREVIEWS = YES;
				GENERATE_INFOPLIST_FILE = YES;
				"INFOPLIST_KEY_UIApplicationSceneManifest_Generation[sdk=iphoneos*]" = YES;
				"INFOPLIST_KEY_UIApplicationSceneManifest_Generation[sdk=iphonesimulator*]" = YES;
				"INFOPLIST_KEY_UIApplicationSupportsIndirectInputEvents[sdk=iphoneos*]" = YES;
				"INFOPLIST_KEY_UIApplicationSupportsIndirectInputEvents[sdk=iphonesimulator*]" = YES;
				"INFOPLIST_KEY_UILaunchScreen_Generation[sdk=iphoneos*]" = YES;
				"INFOPLIST_KEY_UILaunchScreen_Generation[sdk=iphonesimulator*]" = YES;
				"INFOPLIST_KEY_UIStatusBarStyle[sdk=iphoneos*]" = UIStatusBarStyleDefault;
				"INFOPLIST_KEY_UIStatusBarStyle[sdk=iphonesimulator*]" = UIStatusBarStyleDefault;
				INFOPLIST_KEY_UISupportedInterfaceOrientations_iPad = "UIInterfaceOrientationPortrait UIInterfaceOrientationPortraitUpsideDown UIInterfaceOrientationLandscapeLeft UIInterfaceOrientationLandscapeRight";
				INFOPLIST_KEY_UISupportedInterfaceOrientations_iPhone = "UIInterfaceOrientationPortrait UIInterfaceOrientationLandscapeLeft UIInterfaceOrientationLandscapeRight";
				IPHONEOS_DEPLOYMENT_TARGET = 16.1;
				LD_RUNPATH_SEARCH_PATHS = "@executable_path/Frameworks";
				"LD_RUNPATH_SEARCH_PATHS[sdk=macosx*]" = "@executable_path/../Frameworks";
				MACOSX_DEPLOYMENT_TARGET = 12.6;
				MARKETING_VERSION = 1.0;
				PRODUCT_BUNDLE_IDENTIFIER = com.revenuecat.StoreKitConfigDemo;
				PRODUCT_NAME = "$(TARGET_NAME)";
				SDKROOT = auto;
				SUPPORTED_PLATFORMS = "iphoneos iphonesimulator macosx";
				SWIFT_EMIT_LOC_STRINGS = YES;
				SWIFT_VERSION = 5.0;
				TARGETED_DEVICE_FAMILY = "1,2";
			};
			name = Debug;
		};
		2CBBBA172964411300E93B8B /* Release */ = {
			isa = XCBuildConfiguration;
			buildSettings = {
				ASSETCATALOG_COMPILER_APPICON_NAME = AppIcon;
				ASSETCATALOG_COMPILER_GLOBAL_ACCENT_COLOR_NAME = AccentColor;
				CODE_SIGN_ENTITLEMENTS = StoreKitConfigDemo/StoreKitConfigDemo.entitlements;
				CODE_SIGN_STYLE = Automatic;
				CURRENT_PROJECT_VERSION = 1;
				DEVELOPMENT_ASSET_PATHS = "\"StoreKitConfigDemo/Preview Content\"";
				DEVELOPMENT_TEAM = 8SXR2327BM;
				ENABLE_HARDENED_RUNTIME = YES;
				ENABLE_PREVIEWS = YES;
				GENERATE_INFOPLIST_FILE = YES;
				"INFOPLIST_KEY_UIApplicationSceneManifest_Generation[sdk=iphoneos*]" = YES;
				"INFOPLIST_KEY_UIApplicationSceneManifest_Generation[sdk=iphonesimulator*]" = YES;
				"INFOPLIST_KEY_UIApplicationSupportsIndirectInputEvents[sdk=iphoneos*]" = YES;
				"INFOPLIST_KEY_UIApplicationSupportsIndirectInputEvents[sdk=iphonesimulator*]" = YES;
				"INFOPLIST_KEY_UILaunchScreen_Generation[sdk=iphoneos*]" = YES;
				"INFOPLIST_KEY_UILaunchScreen_Generation[sdk=iphonesimulator*]" = YES;
				"INFOPLIST_KEY_UIStatusBarStyle[sdk=iphoneos*]" = UIStatusBarStyleDefault;
				"INFOPLIST_KEY_UIStatusBarStyle[sdk=iphonesimulator*]" = UIStatusBarStyleDefault;
				INFOPLIST_KEY_UISupportedInterfaceOrientations_iPad = "UIInterfaceOrientationPortrait UIInterfaceOrientationPortraitUpsideDown UIInterfaceOrientationLandscapeLeft UIInterfaceOrientationLandscapeRight";
				INFOPLIST_KEY_UISupportedInterfaceOrientations_iPhone = "UIInterfaceOrientationPortrait UIInterfaceOrientationLandscapeLeft UIInterfaceOrientationLandscapeRight";
				IPHONEOS_DEPLOYMENT_TARGET = 16.1;
				LD_RUNPATH_SEARCH_PATHS = "@executable_path/Frameworks";
				"LD_RUNPATH_SEARCH_PATHS[sdk=macosx*]" = "@executable_path/../Frameworks";
				MACOSX_DEPLOYMENT_TARGET = 12.6;
				MARKETING_VERSION = 1.0;
				PRODUCT_BUNDLE_IDENTIFIER = com.revenuecat.StoreKitConfigDemo;
				PRODUCT_NAME = "$(TARGET_NAME)";
				SDKROOT = auto;
				SUPPORTED_PLATFORMS = "iphoneos iphonesimulator macosx";
				SWIFT_EMIT_LOC_STRINGS = YES;
				SWIFT_VERSION = 5.0;
				TARGETED_DEVICE_FAMILY = "1,2";
			};
			name = Release;
		};
/* End XCBuildConfiguration section */

/* Begin XCConfigurationList section */
		2CBBBA012964411300E93B8B /* Build configuration list for PBXProject "StoreKitConfigDemo" */ = {
			isa = XCConfigurationList;
			buildConfigurations = (
				2CBBBA132964411300E93B8B /* Debug */,
				2CBBBA142964411300E93B8B /* Release */,
			);
			defaultConfigurationIsVisible = 0;
			defaultConfigurationName = Release;
		};
		2CBBBA152964411300E93B8B /* Build configuration list for PBXNativeTarget "StoreKitConfigDemo" */ = {
			isa = XCConfigurationList;
			buildConfigurations = (
				2CBBBA162964411300E93B8B /* Debug */,
				2CBBBA172964411300E93B8B /* Release */,
			);
			defaultConfigurationIsVisible = 0;
			defaultConfigurationName = Release;
		};
/* End XCConfigurationList section */

/* Begin XCRemoteSwiftPackageReference section */
		2CBBBA1E296445CB00E93B8B /* XCRemoteSwiftPackageReference "purchases-ios" */ = {
			isa = XCRemoteSwiftPackageReference;
			repositoryURL = "https://github.com/RevenueCat/purchases-ios.git";
			requirement = {
				branch = main;
				kind = branch;
			};
		};
/* End XCRemoteSwiftPackageReference section */

/* Begin XCSwiftPackageProductDependency section */
		2CBBBA1F296445CB00E93B8B /* RevenueCat */ = {
			isa = XCSwiftPackageProductDependency;
			package = 2CBBBA1E296445CB00E93B8B /* XCRemoteSwiftPackageReference "purchases-ios" */;
			productName = RevenueCat;
		};
/* End XCSwiftPackageProductDependency section */
	};
	rootObject = 2CBBB9FE2964411300E93B8B /* Project object */;
}
